
Microsoft Visual Studio Solution File, Format Version 12.00
# Visual Studio Version 17
VisualStudioVersion = 17.8.34316.72
MinimumVisualStudioVersion = 10.0.40219.1
Project("{FAE04EC0-301F-11D3-BF4B-00C04F79EFBC}") = "docet_application", "docet_application\docet_application.csproj", "{8AA67979-AE93-4CFB-A377-2ABD897DD144}"
EndProject
Global
	GlobalSection(SolutionConfigurationPlatforms) = preSolution
		Debug|Any CPU = Debug|Any CPU
		Release|Any CPU = Release|Any CPU
	EndGlobalSection
	GlobalSection(ProjectConfigurationPlatforms) = postSolution
		{8AA67979-AE93-4CFB-A377-2ABD897DD144}.Debug|Any CPU.ActiveCfg = Debug|Any CPU
		{8AA67979-AE93-4CFB-A377-2ABD897DD144}.Debug|Any CPU.Build.0 = Debug|Any CPU
		{8AA67979-AE93-4CFB-A377-2ABD897DD144}.Release|Any CPU.ActiveCfg = Release|Any CPU
		{8AA67979-AE93-4CFB-A377-2ABD897DD144}.Release|Any CPU.Build.0 = Release|Any CPU
	EndGlobalSection
	GlobalSection(SolutionProperties) = preSolution
		HideSolutionNode = FALSE
	EndGlobalSection
	GlobalSection(ExtensibilityGlobals) = postSolution
		SolutionGuid = {F24C55C5-6847-4C65-8A4F-7E65F141FD20}
	EndGlobalSection
EndGlobal
